
Microsoft Visual Studio Solution File, Format Version 12.00
# Visual Studio Version 17
VisualStudioVersion = 17.0.31903.59
MinimumVisualStudioVersion = 10.0.40219.1
Project("{9A19103F-16F7-4668-BE54-9A1E7A4F7556}") = "Codealytics", "Codealytics\Codealytics.csproj", "{F68CDE99-A4AD-4247-A148-5D6C268914A0}"
EndProject
Project("{9A19103F-16F7-4668-BE54-9A1E7A4F7556}") = "Codealytics.Test", "Codealytics.Test\Codealytics.Test.csproj", "{D34AC5E7-958D-43C7-968C-1A0FA56B691C}"
EndProject
Project("{9A19103F-16F7-4668-BE54-9A1E7A4F7556}") = "Codealytics.Console", "Codealytics.Console\Codealytics.Console.csproj", "{55215DC7-7C6B-4417-8D93-7B9C97382BD7}"
EndProject
Project("{FAE04EC0-301F-11D3-BF4B-00C04F79EFBC}") = "Codealytics.HardwareMonitor", "Codealytics.HardwareMonitor\Codealytics.HardwareMonitor.csproj", "{B7693EE1-7FB4-444F-A1C8-50D3B8A0E998}"
EndProject
Global
	GlobalSection(SolutionConfigurationPlatforms) = preSolution
		Debug|Any CPU = Debug|Any CPU
		Release|Any CPU = Release|Any CPU
	EndGlobalSection
	GlobalSection(ProjectConfigurationPlatforms) = postSolution
		{F68CDE99-A4AD-4247-A148-5D6C268914A0}.Debug|Any CPU.ActiveCfg = Debug|Any CPU
		{F68CDE99-A4AD-4247-A148-5D6C268914A0}.Debug|Any CPU.Build.0 = Debug|Any CPU
		{F68CDE99-A4AD-4247-A148-5D6C268914A0}.Release|Any CPU.ActiveCfg = Release|Any CPU
		{F68CDE99-A4AD-4247-A148-5D6C268914A0}.Release|Any CPU.Build.0 = Release|Any CPU
		{D34AC5E7-958D-43C7-968C-1A0FA56B691C}.Debug|Any CPU.ActiveCfg = Debug|Any CPU
		{D34AC5E7-958D-43C7-968C-1A0FA56B691C}.Debug|Any CPU.Build.0 = Debug|Any CPU
		{D34AC5E7-958D-43C7-968C-1A0FA56B691C}.Release|Any CPU.ActiveCfg = Release|Any CPU
		{D34AC5E7-958D-43C7-968C-1A0FA56B691C}.Release|Any CPU.Build.0 = Release|Any CPU
		{55215DC7-7C6B-4417-8D93-7B9C97382BD7}.Debug|Any CPU.ActiveCfg = Debug|Any CPU
		{55215DC7-7C6B-4417-8D93-7B9C97382BD7}.Debug|Any CPU.Build.0 = Debug|Any CPU
		{55215DC7-7C6B-4417-8D93-7B9C97382BD7}.Release|Any CPU.ActiveCfg = Release|Any CPU
		{55215DC7-7C6B-4417-8D93-7B9C97382BD7}.Release|Any CPU.Build.0 = Release|Any CPU
		{B7693EE1-7FB4-444F-A1C8-50D3B8A0E998}.Debug|Any CPU.ActiveCfg = Debug|Any CPU
		{B7693EE1-7FB4-444F-A1C8-50D3B8A0E998}.Debug|Any CPU.Build.0 = Debug|Any CPU
		{B7693EE1-7FB4-444F-A1C8-50D3B8A0E998}.Release|Any CPU.ActiveCfg = Release|Any CPU
		{B7693EE1-7FB4-444F-A1C8-50D3B8A0E998}.Release|Any CPU.Build.0 = Release|Any CPU
	EndGlobalSection
	GlobalSection(SolutionProperties) = preSolution
		HideSolutionNode = FALSE
	EndGlobalSection
	GlobalSection(ExtensibilityGlobals) = postSolution
		SolutionGuid = {E5FF1204-6787-4EAC-85A1-1F40D08D18D1}
	EndGlobalSection
EndGlobal
